
Microsoft Visual Studio Solution File, Format Version 12.00
# Visual Studio Version 16
VisualStudioVersion = 16.0.809.2
MinimumVisualStudioVersion = 10.0.40219.1
Project("{FAE04EC0-301F-11D3-BF4B-00C04F79EFBC}") = "TaskManagement.API", "TaskManagement.API\TaskManagement.API.csproj", "{6F190EAE-A9FF-40F7-9069-9B1609B35F88}"
EndProject
Global
	GlobalSection(SolutionConfigurationPlatforms) = preSolution
		Debug|Any CPU = Debug|Any CPU
		Release|Any CPU = Release|Any CPU
	EndGlobalSection
	GlobalSection(ProjectConfigurationPlatforms) = postSolution
		{6F190EAE-A9FF-40F7-9069-9B1609B35F88}.Debug|Any CPU.ActiveCfg = Debug|Any CPU
		{6F190EAE-A9FF-40F7-9069-9B1609B35F88}.Debug|Any CPU.Build.0 = Debug|Any CPU
		{6F190EAE-A9FF-40F7-9069-9B1609B35F88}.Release|Any CPU.ActiveCfg = Release|Any CPU
		{6F190EAE-A9FF-40F7-9069-9B1609B35F88}.Release|Any CPU.Build.0 = Release|Any CPU
	EndGlobalSection
	GlobalSection(SolutionProperties) = preSolution
		HideSolutionNode = FALSE
	EndGlobalSection
	GlobalSection(ExtensibilityGlobals) = postSolution
		SolutionGuid = {BA91E806-0B28-45A3-B41D-4FC1E432D722}
	EndGlobalSection
EndGlobal
